
Microsoft Visual Studio Solution File, Format Version 11.00
# Visual Studio 2010
Project("{FAE04EC0-301F-11D3-BF4B-00C04F79EFBC}") = "SharpDuster", "SharpDuster.csproj", "{0D56F3C3-FA2E-4A67-A981-0C6CC29D8AEB}"
EndProject
Global
	GlobalSection(SolutionConfigurationPlatforms) = preSolution
		Debug|x86 = Debug|x86
		Release|x86 = Release|x86
	EndGlobalSection
	GlobalSection(ProjectConfigurationPlatforms) = postSolution
		{0D56F3C3-FA2E-4A67-A981-0C6CC29D8AEB}.Debug|x86.ActiveCfg = Debug|x86
		{0D56F3C3-FA2E-4A67-A981-0C6CC29D8AEB}.Debug|x86.Build.0 = Debug|x86
		{0D56F3C3-FA2E-4A67-A981-0C6CC29D8AEB}.Release|x86.ActiveCfg = Release|x86
		{0D56F3C3-FA2E-4A67-A981-0C6CC29D8AEB}.Release|x86.Build.0 = Release|x86
	EndGlobalSection
	GlobalSection(MonoDevelopProperties) = preSolution
		StartupItem = SharpDuster.csproj
	EndGlobalSection
EndGlobal
