
Microsoft Visual Studio Solution File, Format Version 11.00
# Visual Studio 2010
Project("{FAE04EC0-301F-11D3-BF4B-00C04F79EFBC}") = "SharpDuster", "SharpDuster\SharpDuster.csproj", "{0D56F3C3-FA2E-4A67-A981-0C6CC29D8AEB}"
EndProject
Project("{2150E333-8FDC-42A3-9474-1A3956D46DE8}") = "Solution Items", "Solution Items", "{718213D7-402D-43AF-A06E-780163299725}"
	ProjectSection(SolutionItems) = preProject
		SharpDuster.vsmdi = SharpDuster.vsmdi
	EndProjectSection
EndProject
Project("{FAE04EC0-301F-11D3-BF4B-00C04F79EFBC}") = "SharpDuster.Tests", "SharpDuster.Tests\SharpDuster.Tests.csproj", "{A8DE1E41-2045-4B2B-9D33-59BA1578D7D2}"
EndProject
Global
	GlobalSection(SolutionConfigurationPlatforms) = preSolution
		Debug|Any CPU = Debug|Any CPU
		Debug|Mixed Platforms = Debug|Mixed Platforms
		Debug|x86 = Debug|x86
		Release|Any CPU = Release|Any CPU
		Release|Mixed Platforms = Release|Mixed Platforms
		Release|x86 = Release|x86
	EndGlobalSection
	GlobalSection(ProjectConfigurationPlatforms) = postSolution
		{0D56F3C3-FA2E-4A67-A981-0C6CC29D8AEB}.Debug|Any CPU.ActiveCfg = Debug|x86
		{0D56F3C3-FA2E-4A67-A981-0C6CC29D8AEB}.Debug|Any CPU.Build.0 = Debug|x86
		{0D56F3C3-FA2E-4A67-A981-0C6CC29D8AEB}.Debug|Mixed Platforms.ActiveCfg = Debug|x86
		{0D56F3C3-FA2E-4A67-A981-0C6CC29D8AEB}.Debug|Mixed Platforms.Build.0 = Debug|x86
		{0D56F3C3-FA2E-4A67-A981-0C6CC29D8AEB}.Debug|x86.ActiveCfg = Debug|x86
		{0D56F3C3-FA2E-4A67-A981-0C6CC29D8AEB}.Debug|x86.Build.0 = Debug|x86
		{0D56F3C3-FA2E-4A67-A981-0C6CC29D8AEB}.Release|Any CPU.ActiveCfg = Release|x86
		{0D56F3C3-FA2E-4A67-A981-0C6CC29D8AEB}.Release|Mixed Platforms.ActiveCfg = Release|x86
		{0D56F3C3-FA2E-4A67-A981-0C6CC29D8AEB}.Release|Mixed Platforms.Build.0 = Release|x86
		{0D56F3C3-FA2E-4A67-A981-0C6CC29D8AEB}.Release|x86.ActiveCfg = Release|x86
		{0D56F3C3-FA2E-4A67-A981-0C6CC29D8AEB}.Release|x86.Build.0 = Release|x86
		{A8DE1E41-2045-4B2B-9D33-59BA1578D7D2}.Debug|Any CPU.ActiveCfg = Debug|Any CPU
		{A8DE1E41-2045-4B2B-9D33-59BA1578D7D2}.Debug|Any CPU.Build.0 = Debug|Any CPU
		{A8DE1E41-2045-4B2B-9D33-59BA1578D7D2}.Debug|Mixed Platforms.ActiveCfg = Debug|x86
		{A8DE1E41-2045-4B2B-9D33-59BA1578D7D2}.Debug|Mixed Platforms.Build.0 = Debug|x86
		{A8DE1E41-2045-4B2B-9D33-59BA1578D7D2}.Debug|x86.ActiveCfg = Debug|Any CPU
		{A8DE1E41-2045-4B2B-9D33-59BA1578D7D2}.Release|Any CPU.ActiveCfg = Release|Any CPU
		{A8DE1E41-2045-4B2B-9D33-59BA1578D7D2}.Release|Any CPU.Build.0 = Release|Any CPU
		{A8DE1E41-2045-4B2B-9D33-59BA1578D7D2}.Release|Mixed Platforms.ActiveCfg = Release|Any CPU
		{A8DE1E41-2045-4B2B-9D33-59BA1578D7D2}.Release|Mixed Platforms.Build.0 = Release|Any CPU
		{A8DE1E41-2045-4B2B-9D33-59BA1578D7D2}.Release|x86.ActiveCfg = Release|Any CPU
	EndGlobalSection
	GlobalSection(NestedProjects) = preSolution
	EndGlobalSection
	GlobalSection(MonoDevelopProperties) = preSolution
		StartupItem = SharpDuster\SharpDuster.csproj
		Policies = $0
		$0.DotNetNamingPolicy = $1
		$1.DirectoryNamespaceAssociation = None
		$1.ResourceNamePolicy = FileFormatDefault
	EndGlobalSection
	GlobalSection(TestCaseManagementSettings) = postSolution
		CategoryFile = SharpDuster.vsmdi
	EndGlobalSection
	GlobalSection(SolutionProperties) = preSolution
		HideSolutionNode = FALSE
	EndGlobalSection
EndGlobal
